
Microsoft Visual Studio Solution File, Format Version 12.00
# Visual Studio 15
VisualStudioVersion = 15.0.27004.2008
MinimumVisualStudioVersion = 10.0.40219.1
Project("{FAE04EC0-301F-11D3-BF4B-00C04F79EFBC}") = "FontesCustomizaveisXamarinForms.Android", "FontesCustomizaveisXamarinForms\FontesCustomizaveisXamarinForms.Android\FontesCustomizaveisXamarinForms.Android.csproj", "{85D48DD6-5011-4665-A5DC-1A6A4DEB8453}"
EndProject
Project("{FAE04EC0-301F-11D3-BF4B-00C04F79EFBC}") = "FontesCustomizaveisXamarinForms", "FontesCustomizaveisXamarinForms\FontesCustomizaveisXamarinForms\FontesCustomizaveisXamarinForms.csproj", "{45E51DF1-7DDD-4DA5-890B-426E1A127958}"
EndProject
Project("{FAE04EC0-301F-11D3-BF4B-00C04F79EFBC}") = "FontesCustomizaveisXamarinForms.UWP", "FontesCustomizaveisXamarinForms\FontesCustomizaveisXamarinForms.UWP\FontesCustomizaveisXamarinForms.UWP.csproj", "{4A149B58-C5D2-40F2-AEAE-4A978989569A}"
EndProject
Project("{FAE04EC0-301F-11D3-BF4B-00C04F79EFBC}") = "FontesCustomizaveisXamarinForms.iOS", "FontesCustomizaveisXamarinForms\FontesCustomizaveisXamarinForms.iOS\FontesCustomizaveisXamarinForms.iOS.csproj", "{3E6B3124-86BA-4ED1-9A7A-730905626500}"
EndProject
Global
	GlobalSection(SolutionConfigurationPlatforms) = preSolution
		Ad-Hoc|Any CPU = Ad-Hoc|Any CPU
		Ad-Hoc|ARM = Ad-Hoc|ARM
		Ad-Hoc|iPhone = Ad-Hoc|iPhone
		Ad-Hoc|iPhoneSimulator = Ad-Hoc|iPhoneSimulator
		Ad-Hoc|x64 = Ad-Hoc|x64
		Ad-Hoc|x86 = Ad-Hoc|x86
		AppStore|Any CPU = AppStore|Any CPU
		AppStore|ARM = AppStore|ARM
		AppStore|iPhone = AppStore|iPhone
		AppStore|iPhoneSimulator = AppStore|iPhoneSimulator
		AppStore|x64 = AppStore|x64
		AppStore|x86 = AppStore|x86
		Debug|Any CPU = Debug|Any CPU
		Debug|ARM = Debug|ARM
		Debug|iPhone = Debug|iPhone
		Debug|iPhoneSimulator = Debug|iPhoneSimulator
		Debug|x64 = Debug|x64
		Debug|x86 = Debug|x86
		Release|Any CPU = Release|Any CPU
		Release|ARM = Release|ARM
		Release|iPhone = Release|iPhone
		Release|iPhoneSimulator = Release|iPhoneSimulator
		Release|x64 = Release|x64
		Release|x86 = Release|x86
	EndGlobalSection
	GlobalSection(ProjectConfigurationPlatforms) = postSolution
		{85D48DD6-5011-4665-A5DC-1A6A4DEB8453}.Ad-Hoc|Any CPU.ActiveCfg = Release|Any CPU
		{85D48DD6-5011-4665-A5DC-1A6A4DEB8453}.Ad-Hoc|Any CPU.Build.0 = Release|Any CPU
		{85D48DD6-5011-4665-A5DC-1A6A4DEB8453}.Ad-Hoc|Any CPU.Deploy.0 = Release|Any CPU
		{85D48DD6-5011-4665-A5DC-1A6A4DEB8453}.Ad-Hoc|ARM.ActiveCfg = Release|Any CPU
		{85D48DD6-5011-4665-A5DC-1A6A4DEB8453}.Ad-Hoc|ARM.Build.0 = Release|Any CPU
		{85D48DD6-5011-4665-A5DC-1A6A4DEB8453}.Ad-Hoc|ARM.Deploy.0 = Release|Any CPU
		{85D48DD6-5011-4665-A5DC-1A6A4DEB8453}.Ad-Hoc|iPhone.ActiveCfg = Release|Any CPU
		{85D48DD6-5011-4665-A5DC-1A6A4DEB8453}.Ad-Hoc|iPhone.Build.0 = Release|Any CPU
		{85D48DD6-5011-4665-A5DC-1A6A4DEB8453}.Ad-Hoc|iPhone.Deploy.0 = Release|Any CPU
		{85D48DD6-5011-4665-A5DC-1A6A4DEB8453}.Ad-Hoc|iPhoneSimulator.ActiveCfg = Release|Any CPU
		{85D48DD6-5011-4665-A5DC-1A6A4DEB8453}.Ad-Hoc|iPhoneSimulator.Build.0 = Release|Any CPU
		{85D48DD6-5011-4665-A5DC-1A6A4DEB8453}.Ad-Hoc|iPhoneSimulator.Deploy.0 = Release|Any CPU
		{85D48DD6-5011-4665-A5DC-1A6A4DEB8453}.Ad-Hoc|x64.ActiveCfg = Release|Any CPU
		{85D48DD6-5011-4665-A5DC-1A6A4DEB8453}.Ad-Hoc|x64.Build.0 = Release|Any CPU
		{85D48DD6-5011-4665-A5DC-1A6A4DEB8453}.Ad-Hoc|x64.Deploy.0 = Release|Any CPU
		{85D48DD6-5011-4665-A5DC-1A6A4DEB8453}.Ad-Hoc|x86.ActiveCfg = Release|Any CPU
		{85D48DD6-5011-4665-A5DC-1A6A4DEB8453}.Ad-Hoc|x86.Build.0 = Release|Any CPU
		{85D48DD6-5011-4665-A5DC-1A6A4DEB8453}.Ad-Hoc|x86.Deploy.0 = Release|Any CPU
		{85D48DD6-5011-4665-A5DC-1A6A4DEB8453}.AppStore|Any CPU.ActiveCfg = Release|Any CPU
		{85D48DD6-5011-4665-A5DC-1A6A4DEB8453}.AppStore|Any CPU.Build.0 = Release|Any CPU
		{85D48DD6-5011-4665-A5DC-1A6A4DEB8453}.AppStore|Any CPU.Deploy.0 = Release|Any CPU
		{85D48DD6-5011-4665-A5DC-1A6A4DEB8453}.AppStore|ARM.ActiveCfg = Release|Any CPU
		{85D48DD6-5011-4665-A5DC-1A6A4DEB8453}.AppStore|ARM.Build.0 = Release|Any CPU
		{85D48DD6-5011-4665-A5DC-1A6A4DEB8453}.AppStore|ARM.Deploy.0 = Release|Any CPU
		{85D48DD6-5011-4665-A5DC-1A6A4DEB8453}.AppStore|iPhone.ActiveCfg = Release|Any CPU
		{85D48DD6-5011-4665-A5DC-1A6A4DEB8453}.AppStore|iPhone.Build.0 = Release|Any CPU
		{85D48DD6-5011-4665-A5DC-1A6A4DEB8453}.AppStore|iPhone.Deploy.0 = Release|Any CPU
		{85D48DD6-5011-4665-A5DC-1A6A4DEB8453}.AppStore|iPhoneSimulator.ActiveCfg = Release|Any CPU
		{85D48DD6-5011-4665-A5DC-1A6A4DEB8453}.AppStore|iPhoneSimulator.Build.0 = Release|Any CPU
		{85D48DD6-5011-4665-A5DC-1A6A4DEB8453}.AppStore|iPhoneSimulator.Deploy.0 = Release|Any CPU
		{85D48DD6-5011-4665-A5DC-1A6A4DEB8453}.AppStore|x64.ActiveCfg = Release|Any CPU
		{85D48DD6-5011-4665-A5DC-1A6A4DEB8453}.AppStore|x64.Build.0 = Release|Any CPU
		{85D48DD6-5011-4665-A5DC-1A6A4DEB8453}.AppStore|x64.Deploy.0 = Release|Any CPU
		{85D48DD6-5011-4665-A5DC-1A6A4DEB8453}.AppStore|x86.ActiveCfg = Release|Any CPU
		{85D48DD6-5011-4665-A5DC-1A6A4DEB8453}.AppStore|x86.Build.0 = Release|Any CPU
		{85D48DD6-5011-4665-A5DC-1A6A4DEB8453}.AppStore|x86.Deploy.0 = Release|Any CPU
		{85D48DD6-5011-4665-A5DC-1A6A4DEB8453}.Debug|Any CPU.ActiveCfg = Debug|Any CPU
		{85D48DD6-5011-4665-A5DC-1A6A4DEB8453}.Debug|Any CPU.Build.0 = Debug|Any CPU
		{85D48DD6-5011-4665-A5DC-1A6A4DEB8453}.Debug|Any CPU.Deploy.0 = Debug|Any CPU
		{85D48DD6-5011-4665-A5DC-1A6A4DEB8453}.Debug|ARM.ActiveCfg = Debug|Any CPU
		{85D48DD6-5011-4665-A5DC-1A6A4DEB8453}.Debug|ARM.Build.0 = Debug|Any CPU
		{85D48DD6-5011-4665-A5DC-1A6A4DEB8453}.Debug|ARM.Deploy.0 = Debug|Any CPU
		{85D48DD6-5011-4665-A5DC-1A6A4DEB8453}.Debug|iPhone.ActiveCfg = Debug|Any CPU
		{85D48DD6-5011-4665-A5DC-1A6A4DEB8453}.Debug|iPhone.Build.0 = Debug|Any CPU
		{85D48DD6-5011-4665-A5DC-1A6A4DEB8453}.Debug|iPhone.Deploy.0 = Debug|Any CPU
		{85D48DD6-5011-4665-A5DC-1A6A4DEB8453}.Debug|iPhoneSimulator.ActiveCfg = Debug|Any CPU
		{85D48DD6-5011-4665-A5DC-1A6A4DEB8453}.Debug|iPhoneSimulator.Build.0 = Debug|Any CPU
		{85D48DD6-5011-4665-A5DC-1A6A4DEB8453}.Debug|iPhoneSimulator.Deploy.0 = Debug|Any CPU
		{85D48DD6-5011-4665-A5DC-1A6A4DEB8453}.Debug|x64.ActiveCfg = Debug|Any CPU
		{85D48DD6-5011-4665-A5DC-1A6A4DEB8453}.Debug|x64.Build.0 = Debug|Any CPU
		{85D48DD6-5011-4665-A5DC-1A6A4DEB8453}.Debug|x64.Deploy.0 = Debug|Any CPU
		{85D48DD6-5011-4665-A5DC-1A6A4DEB8453}.Debug|x86.ActiveCfg = Debug|Any CPU
		{85D48DD6-5011-4665-A5DC-1A6A4DEB8453}.Debug|x86.Build.0 = Debug|Any CPU
		{85D48DD6-5011-4665-A5DC-1A6A4DEB8453}.Debug|x86.Deploy.0 = Debug|Any CPU
		{85D48DD6-5011-4665-A5DC-1A6A4DEB8453}.Release|Any CPU.ActiveCfg = Release|Any CPU
		{85D48DD6-5011-4665-A5DC-1A6A4DEB8453}.Release|Any CPU.Build.0 = Release|Any CPU
		{85D48DD6-5011-4665-A5DC-1A6A4DEB8453}.Release|Any CPU.Deploy.0 = Release|Any CPU
		{85D48DD6-5011-4665-A5DC-1A6A4DEB8453}.Release|ARM.ActiveCfg = Release|Any CPU
		{85D48DD6-5011-4665-A5DC-1A6A4DEB8453}.Release|ARM.Build.0 = Release|Any CPU
		{85D48DD6-5011-4665-A5DC-1A6A4DEB8453}.Release|ARM.Deploy.0 = Release|Any CPU
		{85D48DD6-5011-4665-A5DC-1A6A4DEB8453}.Release|iPhone.ActiveCfg = Release|Any CPU
		{85D48DD6-5011-4665-A5DC-1A6A4DEB8453}.Release|iPhone.Build.0 = Release|Any CPU
		{85D48DD6-5011-4665-A5DC-1A6A4DEB8453}.Release|iPhone.Deploy.0 = Release|Any CPU
		{85D48DD6-5011-4665-A5DC-1A6A4DEB8453}.Release|iPhoneSimulator.ActiveCfg = Release|Any CPU
		{85D48DD6-5011-4665-A5DC-1A6A4DEB8453}.Release|iPhoneSimulator.Build.0 = Release|Any CPU
		{85D48DD6-5011-4665-A5DC-1A6A4DEB8453}.Release|iPhoneSimulator.Deploy.0 = Release|Any CPU
		{85D48DD6-5011-4665-A5DC-1A6A4DEB8453}.Release|x64.ActiveCfg = Release|Any CPU
		{85D48DD6-5011-4665-A5DC-1A6A4DEB8453}.Release|x64.Build.0 = Release|Any CPU
		{85D48DD6-5011-4665-A5DC-1A6A4DEB8453}.Release|x64.Deploy.0 = Release|Any CPU
		{85D48DD6-5011-4665-A5DC-1A6A4DEB8453}.Release|x86.ActiveCfg = Release|Any CPU
		{85D48DD6-5011-4665-A5DC-1A6A4DEB8453}.Release|x86.Build.0 = Release|Any CPU
		{85D48DD6-5011-4665-A5DC-1A6A4DEB8453}.Release|x86.Deploy.0 = Release|Any CPU
		{45E51DF1-7DDD-4DA5-890B-426E1A127958}.Ad-Hoc|Any CPU.ActiveCfg = Release|Any CPU
		{45E51DF1-7DDD-4DA5-890B-426E1A127958}.Ad-Hoc|Any CPU.Build.0 = Release|Any CPU
		{45E51DF1-7DDD-4DA5-890B-426E1A127958}.Ad-Hoc|ARM.ActiveCfg = Release|Any CPU
		{45E51DF1-7DDD-4DA5-890B-426E1A127958}.Ad-Hoc|ARM.Build.0 = Release|Any CPU
		{45E51DF1-7DDD-4DA5-890B-426E1A127958}.Ad-Hoc|iPhone.ActiveCfg = Release|Any CPU
		{45E51DF1-7DDD-4DA5-890B-426E1A127958}.Ad-Hoc|iPhone.Build.0 = Release|Any CPU
		{45E51DF1-7DDD-4DA5-890B-426E1A127958}.Ad-Hoc|iPhoneSimulator.ActiveCfg = Release|Any CPU
		{45E51DF1-7DDD-4DA5-890B-426E1A127958}.Ad-Hoc|iPhoneSimulator.Build.0 = Release|Any CPU
		{45E51DF1-7DDD-4DA5-890B-426E1A127958}.Ad-Hoc|x64.ActiveCfg = Release|Any CPU
		{45E51DF1-7DDD-4DA5-890B-426E1A127958}.Ad-Hoc|x64.Build.0 = Release|Any CPU
		{45E51DF1-7DDD-4DA5-890B-426E1A127958}.Ad-Hoc|x86.ActiveCfg = Release|Any CPU
		{45E51DF1-7DDD-4DA5-890B-426E1A127958}.Ad-Hoc|x86.Build.0 = Release|Any CPU
		{45E51DF1-7DDD-4DA5-890B-426E1A127958}.AppStore|Any CPU.ActiveCfg = Release|Any CPU
		{45E51DF1-7DDD-4DA5-890B-426E1A127958}.AppStore|Any CPU.Build.0 = Release|Any CPU
		{45E51DF1-7DDD-4DA5-890B-426E1A127958}.AppStore|ARM.ActiveCfg = Release|Any CPU
		{45E51DF1-7DDD-4DA5-890B-426E1A127958}.AppStore|ARM.Build.0 = Release|Any CPU
		{45E51DF1-7DDD-4DA5-890B-426E1A127958}.AppStore|iPhone.ActiveCfg = Release|Any CPU
		{45E51DF1-7DDD-4DA5-890B-426E1A127958}.AppStore|iPhone.Build.0 = Release|Any CPU
		{45E51DF1-7DDD-4DA5-890B-426E1A127958}.AppStore|iPhoneSimulator.ActiveCfg = Release|Any CPU
		{45E51DF1-7DDD-4DA5-890B-426E1A127958}.AppStore|iPhoneSimulator.Build.0 = Release|Any CPU
		{45E51DF1-7DDD-4DA5-890B-426E1A127958}.AppStore|x64.ActiveCfg = Release|Any CPU
		{45E51DF1-7DDD-4DA5-890B-426E1A127958}.AppStore|x64.Build.0 = Release|Any CPU
		{45E51DF1-7DDD-4DA5-890B-426E1A127958}.AppStore|x86.ActiveCfg = Release|Any CPU
		{45E51DF1-7DDD-4DA5-890B-426E1A127958}.AppStore|x86.Build.0 = Release|Any CPU
		{45E51DF1-7DDD-4DA5-890B-426E1A127958}.Debug|Any CPU.ActiveCfg = Debug|Any CPU
		{45E51DF1-7DDD-4DA5-890B-426E1A127958}.Debug|Any CPU.Build.0 = Debug|Any CPU
		{45E51DF1-7DDD-4DA5-890B-426E1A127958}.Debug|ARM.ActiveCfg = Debug|Any CPU
		{45E51DF1-7DDD-4DA5-890B-426E1A127958}.Debug|ARM.Build.0 = Debug|Any CPU
		{45E51DF1-7DDD-4DA5-890B-426E1A127958}.Debug|iPhone.ActiveCfg = Debug|Any CPU
		{45E51DF1-7DDD-4DA5-890B-426E1A127958}.Debug|iPhone.Build.0 = Debug|Any CPU
		{45E51DF1-7DDD-4DA5-890B-426E1A127958}.Debug|iPhoneSimulator.ActiveCfg = Debug|Any CPU
		{45E51DF1-7DDD-4DA5-890B-426E1A127958}.Debug|iPhoneSimulator.Build.0 = Debug|Any CPU
		{45E51DF1-7DDD-4DA5-890B-426E1A127958}.Debug|x64.ActiveCfg = Debug|Any CPU
		{45E51DF1-7DDD-4DA5-890B-426E1A127958}.Debug|x64.Build.0 = Debug|Any CPU
		{45E51DF1-7DDD-4DA5-890B-426E1A127958}.Debug|x86.ActiveCfg = Debug|Any CPU
		{45E51DF1-7DDD-4DA5-890B-426E1A127958}.Debug|x86.Build.0 = Debug|Any CPU
		{45E51DF1-7DDD-4DA5-890B-426E1A127958}.Release|Any CPU.ActiveCfg = Release|Any CPU
		{45E51DF1-7DDD-4DA5-890B-426E1A127958}.Release|Any CPU.Build.0 = Release|Any CPU
		{45E51DF1-7DDD-4DA5-890B-426E1A127958}.Release|ARM.ActiveCfg = Release|Any CPU
		{45E51DF1-7DDD-4DA5-890B-426E1A127958}.Release|ARM.Build.0 = Release|Any CPU
		{45E51DF1-7DDD-4DA5-890B-426E1A127958}.Release|iPhone.ActiveCfg = Release|Any CPU
		{45E51DF1-7DDD-4DA5-890B-426E1A127958}.Release|iPhone.Build.0 = Release|Any CPU
		{45E51DF1-7DDD-4DA5-890B-426E1A127958}.Release|iPhoneSimulator.ActiveCfg = Release|Any CPU
		{45E51DF1-7DDD-4DA5-890B-426E1A127958}.Release|iPhoneSimulator.Build.0 = Release|Any CPU
		{45E51DF1-7DDD-4DA5-890B-426E1A127958}.Release|x64.ActiveCfg = Release|Any CPU
		{45E51DF1-7DDD-4DA5-890B-426E1A127958}.Release|x64.Build.0 = Release|Any CPU
		{45E51DF1-7DDD-4DA5-890B-426E1A127958}.Release|x86.ActiveCfg = Release|Any CPU
		{45E51DF1-7DDD-4DA5-890B-426E1A127958}.Release|x86.Build.0 = Release|Any CPU
		{4A149B58-C5D2-40F2-AEAE-4A978989569A}.Ad-Hoc|Any CPU.ActiveCfg = Release|x86
		{4A149B58-C5D2-40F2-AEAE-4A978989569A}.Ad-Hoc|Any CPU.Build.0 = Release|x86
		{4A149B58-C5D2-40F2-AEAE-4A978989569A}.Ad-Hoc|Any CPU.Deploy.0 = Release|x86
		{4A149B58-C5D2-40F2-AEAE-4A978989569A}.Ad-Hoc|ARM.ActiveCfg = Release|ARM
		{4A149B58-C5D2-40F2-AEAE-4A978989569A}.Ad-Hoc|ARM.Build.0 = Release|ARM
		{4A149B58-C5D2-40F2-AEAE-4A978989569A}.Ad-Hoc|ARM.Deploy.0 = Release|ARM
		{4A149B58-C5D2-40F2-AEAE-4A978989569A}.Ad-Hoc|iPhone.ActiveCfg = Release|x86
		{4A149B58-C5D2-40F2-AEAE-4A978989569A}.Ad-Hoc|iPhone.Build.0 = Release|x86
		{4A149B58-C5D2-40F2-AEAE-4A978989569A}.Ad-Hoc|iPhone.Deploy.0 = Release|x86
		{4A149B58-C5D2-40F2-AEAE-4A978989569A}.Ad-Hoc|iPhoneSimulator.ActiveCfg = Release|x86
		{4A149B58-C5D2-40F2-AEAE-4A978989569A}.Ad-Hoc|iPhoneSimulator.Build.0 = Release|x86
		{4A149B58-C5D2-40F2-AEAE-4A978989569A}.Ad-Hoc|iPhoneSimulator.Deploy.0 = Release|x86
		{4A149B58-C5D2-40F2-AEAE-4A978989569A}.Ad-Hoc|x64.ActiveCfg = Release|x64
		{4A149B58-C5D2-40F2-AEAE-4A978989569A}.Ad-Hoc|x64.Build.0 = Release|x64
		{4A149B58-C5D2-40F2-AEAE-4A978989569A}.Ad-Hoc|x64.Deploy.0 = Release|x64
		{4A149B58-C5D2-40F2-AEAE-4A978989569A}.Ad-Hoc|x86.ActiveCfg = Release|x86
		{4A149B58-C5D2-40F2-AEAE-4A978989569A}.Ad-Hoc|x86.Build.0 = Release|x86
		{4A149B58-C5D2-40F2-AEAE-4A978989569A}.Ad-Hoc|x86.Deploy.0 = Release|x86
		{4A149B58-C5D2-40F2-AEAE-4A978989569A}.AppStore|Any CPU.ActiveCfg = Release|x86
		{4A149B58-C5D2-40F2-AEAE-4A978989569A}.AppStore|Any CPU.Build.0 = Release|x86
		{4A149B58-C5D2-40F2-AEAE-4A978989569A}.AppStore|Any CPU.Deploy.0 = Release|x86
		{4A149B58-C5D2-40F2-AEAE-4A978989569A}.AppStore|ARM.ActiveCfg = Release|ARM
		{4A149B58-C5D2-40F2-AEAE-4A978989569A}.AppStore|ARM.Build.0 = Release|ARM
		{4A149B58-C5D2-40F2-AEAE-4A978989569A}.AppStore|ARM.Deploy.0 = Release|ARM
		{4A149B58-C5D2-40F2-AEAE-4A978989569A}.AppStore|iPhone.ActiveCfg = Release|x86
		{4A149B58-C5D2-40F2-AEAE-4A978989569A}.AppStore|iPhone.Build.0 = Release|x86
		{4A149B58-C5D2-40F2-AEAE-4A978989569A}.AppStore|iPhone.Deploy.0 = Release|x86
		{4A149B58-C5D2-40F2-AEAE-4A978989569A}.AppStore|iPhoneSimulator.ActiveCfg = Release|x86
		{4A149B58-C5D2-40F2-AEAE-4A978989569A}.AppStore|iPhoneSimulator.Build.0 = Release|x86
		{4A149B58-C5D2-40F2-AEAE-4A978989569A}.AppStore|iPhoneSimulator.Deploy.0 = Release|x86
		{4A149B58-C5D2-40F2-AEAE-4A978989569A}.AppStore|x64.ActiveCfg = Release|x64
		{4A149B58-C5D2-40F2-AEAE-4A978989569A}.AppStore|x64.Build.0 = Release|x64
		{4A149B58-C5D2-40F2-AEAE-4A978989569A}.AppStore|x64.Deploy.0 = Release|x64
		{4A149B58-C5D2-40F2-AEAE-4A978989569A}.AppStore|x86.ActiveCfg = Release|x86
		{4A149B58-C5D2-40F2-AEAE-4A978989569A}.AppStore|x86.Build.0 = Release|x86
		{4A149B58-C5D2-40F2-AEAE-4A978989569A}.AppStore|x86.Deploy.0 = Release|x86
		{4A149B58-C5D2-40F2-AEAE-4A978989569A}.Debug|Any CPU.ActiveCfg = Debug|x86
		{4A149B58-C5D2-40F2-AEAE-4A978989569A}.Debug|ARM.ActiveCfg = Debug|ARM
		{4A149B58-C5D2-40F2-AEAE-4A978989569A}.Debug|ARM.Build.0 = Debug|ARM
		{4A149B58-C5D2-40F2-AEAE-4A978989569A}.Debug|ARM.Deploy.0 = Debug|ARM
		{4A149B58-C5D2-40F2-AEAE-4A978989569A}.Debug|iPhone.ActiveCfg = Debug|x86
		{4A149B58-C5D2-40F2-AEAE-4A978989569A}.Debug|iPhoneSimulator.ActiveCfg = Debug|x86
		{4A149B58-C5D2-40F2-AEAE-4A978989569A}.Debug|x64.ActiveCfg = Debug|x64
		{4A149B58-C5D2-40F2-AEAE-4A978989569A}.Debug|x64.Build.0 = Debug|x64
		{4A149B58-C5D2-40F2-AEAE-4A978989569A}.Debug|x64.Deploy.0 = Debug|x64
		{4A149B58-C5D2-40F2-AEAE-4A978989569A}.Debug|x86.ActiveCfg = Debug|x86
		{4A149B58-C5D2-40F2-AEAE-4A978989569A}.Debug|x86.Build.0 = Debug|x86
		{4A149B58-C5D2-40F2-AEAE-4A978989569A}.Debug|x86.Deploy.0 = Debug|x86
		{4A149B58-C5D2-40F2-AEAE-4A978989569A}.Release|Any CPU.ActiveCfg = Release|x86
		{4A149B58-C5D2-40F2-AEAE-4A978989569A}.Release|ARM.ActiveCfg = Release|ARM
		{4A149B58-C5D2-40F2-AEAE-4A978989569A}.Release|ARM.Build.0 = Release|ARM
		{4A149B58-C5D2-40F2-AEAE-4A978989569A}.Release|ARM.Deploy.0 = Release|ARM
		{4A149B58-C5D2-40F2-AEAE-4A978989569A}.Release|iPhone.ActiveCfg = Release|x86
		{4A149B58-C5D2-40F2-AEAE-4A978989569A}.Release|iPhoneSimulator.ActiveCfg = Release|x86
		{4A149B58-C5D2-40F2-AEAE-4A978989569A}.Release|x64.ActiveCfg = Release|x64
		{4A149B58-C5D2-40F2-AEAE-4A978989569A}.Release|x64.Build.0 = Release|x64
		{4A149B58-C5D2-40F2-AEAE-4A978989569A}.Release|x64.Deploy.0 = Release|x64
		{4A149B58-C5D2-40F2-AEAE-4A978989569A}.Release|x86.ActiveCfg = Release|x86
		{4A149B58-C5D2-40F2-AEAE-4A978989569A}.Release|x86.Build.0 = Release|x86
		{4A149B58-C5D2-40F2-AEAE-4A978989569A}.Release|x86.Deploy.0 = Release|x86
		{3E6B3124-86BA-4ED1-9A7A-730905626500}.Ad-Hoc|Any CPU.ActiveCfg = Ad-Hoc|iPhoneSimulator
		{3E6B3124-86BA-4ED1-9A7A-730905626500}.Ad-Hoc|ARM.ActiveCfg = Ad-Hoc|iPhone
		{3E6B3124-86BA-4ED1-9A7A-730905626500}.Ad-Hoc|iPhone.ActiveCfg = Ad-Hoc|iPhone
		{3E6B3124-86BA-4ED1-9A7A-730905626500}.Ad-Hoc|iPhone.Build.0 = Ad-Hoc|iPhone
		{3E6B3124-86BA-4ED1-9A7A-730905626500}.Ad-Hoc|iPhoneSimulator.ActiveCfg = Ad-Hoc|iPhoneSimulator
		{3E6B3124-86BA-4ED1-9A7A-730905626500}.Ad-Hoc|iPhoneSimulator.Build.0 = Ad-Hoc|iPhoneSimulator
		{3E6B3124-86BA-4ED1-9A7A-730905626500}.Ad-Hoc|x64.ActiveCfg = Ad-Hoc|iPhone
		{3E6B3124-86BA-4ED1-9A7A-730905626500}.Ad-Hoc|x86.ActiveCfg = Ad-Hoc|iPhone
		{3E6B3124-86BA-4ED1-9A7A-730905626500}.AppStore|Any CPU.ActiveCfg = AppStore|iPhoneSimulator
		{3E6B3124-86BA-4ED1-9A7A-730905626500}.AppStore|ARM.ActiveCfg = AppStore|iPhone
		{3E6B3124-86BA-4ED1-9A7A-730905626500}.AppStore|iPhone.ActiveCfg = AppStore|iPhone
		{3E6B3124-86BA-4ED1-9A7A-730905626500}.AppStore|iPhone.Build.0 = AppStore|iPhone
		{3E6B3124-86BA-4ED1-9A7A-730905626500}.AppStore|iPhoneSimulator.ActiveCfg = AppStore|iPhoneSimulator
		{3E6B3124-86BA-4ED1-9A7A-730905626500}.AppStore|iPhoneSimulator.Build.0 = AppStore|iPhoneSimulator
		{3E6B3124-86BA-4ED1-9A7A-730905626500}.AppStore|x64.ActiveCfg = AppStore|iPhone
		{3E6B3124-86BA-4ED1-9A7A-730905626500}.AppStore|x86.ActiveCfg = AppStore|iPhone
		{3E6B3124-86BA-4ED1-9A7A-730905626500}.Debug|Any CPU.ActiveCfg = Debug|iPhoneSimulator
		{3E6B3124-86BA-4ED1-9A7A-730905626500}.Debug|ARM.ActiveCfg = Debug|iPhone
		{3E6B3124-86BA-4ED1-9A7A-730905626500}.Debug|iPhone.ActiveCfg = Debug|iPhone
		{3E6B3124-86BA-4ED1-9A7A-730905626500}.Debug|iPhone.Build.0 = Debug|iPhone
		{3E6B3124-86BA-4ED1-9A7A-730905626500}.Debug|iPhoneSimulator.ActiveCfg = Debug|iPhoneSimulator
		{3E6B3124-86BA-4ED1-9A7A-730905626500}.Debug|iPhoneSimulator.Build.0 = Debug|iPhoneSimulator
		{3E6B3124-86BA-4ED1-9A7A-730905626500}.Debug|x64.ActiveCfg = Debug|iPhone
		{3E6B3124-86BA-4ED1-9A7A-730905626500}.Debug|x86.ActiveCfg = Debug|iPhone
		{3E6B3124-86BA-4ED1-9A7A-730905626500}.Release|Any CPU.ActiveCfg = Release|iPhoneSimulator
		{3E6B3124-86BA-4ED1-9A7A-730905626500}.Release|ARM.ActiveCfg = Release|iPhone
		{3E6B3124-86BA-4ED1-9A7A-730905626500}.Release|iPhone.ActiveCfg = Release|iPhone
		{3E6B3124-86BA-4ED1-9A7A-730905626500}.Release|iPhone.Build.0 = Release|iPhone
		{3E6B3124-86BA-4ED1-9A7A-730905626500}.Release|iPhoneSimulator.ActiveCfg = Release|iPhoneSimulator
		{3E6B3124-86BA-4ED1-9A7A-730905626500}.Release|iPhoneSimulator.Build.0 = Release|iPhoneSimulator
		{3E6B3124-86BA-4ED1-9A7A-730905626500}.Release|x64.ActiveCfg = Release|iPhone
		{3E6B3124-86BA-4ED1-9A7A-730905626500}.Release|x86.ActiveCfg = Release|iPhone
	EndGlobalSection
	GlobalSection(SolutionProperties) = preSolution
		HideSolutionNode = FALSE
	EndGlobalSection
	GlobalSection(ExtensibilityGlobals) = postSolution
		SolutionGuid = {81377500-703B-46E8-AF3B-CA7F24FC5A1C}
	EndGlobalSection
EndGlobal
